
Microsoft Visual Studio Solution File, Format Version 12.00
# Visual Studio Version 17
VisualStudioVersion = 17.3.32929.385
MinimumVisualStudioVersion = 10.0.40219.1
Project("{FAE04EC0-301F-11D3-BF4B-00C04F79EFBC}") = "MgtJson", "MgtJson\MgtJson.csproj", "{A22F969C-40B1-42A8-95BD-3CF4D029FB30}"
EndProject
Global
	GlobalSection(SolutionConfigurationPlatforms) = preSolution
		Debug|Any CPU = Debug|Any CPU
		Release|Any CPU = Release|Any CPU
	EndGlobalSection
	GlobalSection(ProjectConfigurationPlatforms) = postSolution
		{A22F969C-40B1-42A8-95BD-3CF4D029FB30}.Debug|Any CPU.ActiveCfg = Debug|Any CPU
		{A22F969C-40B1-42A8-95BD-3CF4D029FB30}.Debug|Any CPU.Build.0 = Debug|Any CPU
		{A22F969C-40B1-42A8-95BD-3CF4D029FB30}.Release|Any CPU.ActiveCfg = Release|Any CPU
		{A22F969C-40B1-42A8-95BD-3CF4D029FB30}.Release|Any CPU.Build.0 = Release|Any CPU
	EndGlobalSection
	GlobalSection(SolutionProperties) = preSolution
		HideSolutionNode = FALSE
	EndGlobalSection
	GlobalSection(ExtensibilityGlobals) = postSolution
		SolutionGuid = {3C9AC62E-1975-4D8F-99FC-9EA987C1D39C}
	EndGlobalSection
EndGlobal
